
Microsoft Visual Studio Solution File, Format Version 12.00
# Visual Studio Version 17
VisualStudioVersion = 17.8.34330.188
MinimumVisualStudioVersion = 10.0.40219.1
Project("{FAE04EC0-301F-11D3-BF4B-00C04F79EFBC}") = "Gregor_Web", "Gregor_Web\Gregor_Web.csproj", "{B23365A2-E9D1-4588-ACED-5F730FF6B176}"
EndProject
Global
	GlobalSection(SolutionConfigurationPlatforms) = preSolution
		Debug|Any CPU = Debug|Any CPU
		Release|Any CPU = Release|Any CPU
	EndGlobalSection
	GlobalSection(ProjectConfigurationPlatforms) = postSolution
		{B23365A2-E9D1-4588-ACED-5F730FF6B176}.Debug|Any CPU.ActiveCfg = Debug|Any CPU
		{B23365A2-E9D1-4588-ACED-5F730FF6B176}.Debug|Any CPU.Build.0 = Debug|Any CPU
		{B23365A2-E9D1-4588-ACED-5F730FF6B176}.Release|Any CPU.ActiveCfg = Release|Any CPU
		{B23365A2-E9D1-4588-ACED-5F730FF6B176}.Release|Any CPU.Build.0 = Release|Any CPU
	EndGlobalSection
	GlobalSection(SolutionProperties) = preSolution
		HideSolutionNode = FALSE
	EndGlobalSection
	GlobalSection(ExtensibilityGlobals) = postSolution
		SolutionGuid = {FEC51563-C0FA-4518-8A37-C96F906958FE}
	EndGlobalSection
EndGlobal
